// !$*UTF8*$!
{
	archiveVersion = 1;
	classes = {
	};
	objectVersion = 50;
	objects = {

/* Begin PBXBuildFile section */
		FA320F3B2383C7C60004F105 /* MainViewController.swift in Sources */ = {isa = PBXBuildFile; fileRef = FA320F3A2383C7C60004F105 /* MainViewController.swift */; };
		FA320F3E23840F460004F105 /* ScoreModel.xcdatamodeld in Sources */ = {isa = PBXBuildFile; fileRef = FA320F3C23840F460004F105 /* ScoreModel.xcdatamodeld */; };
		FA320F402385431D0004F105 /* PlayerScore.swift in Sources */ = {isa = PBXBuildFile; fileRef = FA320F3F2385431D0004F105 /* PlayerScore.swift */; };
		FA895118235455A3005CE549 /* AppDelegate.swift in Sources */ = {isa = PBXBuildFile; fileRef = FA895117235455A3005CE549 /* AppDelegate.swift */; };
		FA89511A235455A3005CE549 /* art.scnassets in Resources */ = {isa = PBXBuildFile; fileRef = FA895119235455A3005CE549 /* art.scnassets */; };
		FA89511C235455A3005CE549 /* ViewController.swift in Sources */ = {isa = PBXBuildFile; fileRef = FA89511B235455A3005CE549 /* ViewController.swift */; };
		FA89511F235455A3005CE549 /* Main.storyboard in Resources */ = {isa = PBXBuildFile; fileRef = FA89511D235455A3005CE549 /* Main.storyboard */; };
		FA895121235455A4005CE549 /* Assets.xcassets in Resources */ = {isa = PBXBuildFile; fileRef = FA895120235455A4005CE549 /* Assets.xcassets */; };
		FA895124235455A4005CE549 /* LaunchScreen.storyboard in Resources */ = {isa = PBXBuildFile; fileRef = FA895122235455A4005CE549 /* LaunchScreen.storyboard */; };
		FA8F9057237BE0BA00E37111 /* MyParticle.sks in Resources */ = {isa = PBXBuildFile; fileRef = FA8F9056237BE0BA00E37111 /* MyParticle.sks */; };
/* End PBXBuildFile section */

/* Begin PBXFileReference section */
		FA320F3A2383C7C60004F105 /* MainViewController.swift */ = {isa = PBXFileReference; lastKnownFileType = sourcecode.swift; path = MainViewController.swift; sourceTree = "<group>"; };
		FA320F3D23840F460004F105 /* ScoreModel.xcdatamodel */ = {isa = PBXFileReference; lastKnownFileType = wrapper.xcdatamodel; path = ScoreModel.xcdatamodel; sourceTree = "<group>"; };
		FA320F3F2385431D0004F105 /* PlayerScore.swift */ = {isa = PBXFileReference; lastKnownFileType = sourcecode.swift; path = PlayerScore.swift; sourceTree = "<group>"; };
		FA895114235455A3005CE549 /* ARDicee.app */ = {isa = PBXFileReference; explicitFileType = wrapper.application; includeInIndex = 0; path = ARDicee.app; sourceTree = BUILT_PRODUCTS_DIR; };
		FA895117235455A3005CE549 /* AppDelegate.swift */ = {isa = PBXFileReference; lastKnownFileType = sourcecode.swift; path = AppDelegate.swift; sourceTree = "<group>"; };
		FA895119235455A3005CE549 /* art.scnassets */ = {isa = PBXFileReference; lastKnownFileType = wrapper.scnassets; path = art.scnassets; sourceTree = "<group>"; };
		FA89511B235455A3005CE549 /* ViewController.swift */ = {isa = PBXFileReference; lastKnownFileType = sourcecode.swift; path = ViewController.swift; sourceTree = "<group>"; };
		FA89511E235455A3005CE549 /* Base */ = {isa = PBXFileReference; lastKnownFileType = file.storyboard; name = Base; path = Base.lproj/Main.storyboard; sourceTree = "<group>"; };
		FA895120235455A4005CE549 /* Assets.xcassets */ = {isa = PBXFileReference; lastKnownFileType = folder.assetcatalog; path = Assets.xcassets; sourceTree = "<group>"; };
		FA895123235455A4005CE549 /* Base */ = {isa = PBXFileReference; lastKnownFileType = file.storyboard; name = Base; path = Base.lproj/LaunchScreen.storyboard; sourceTree = "<group>"; };
		FA895125235455A4005CE549 /* Info.plist */ = {isa = PBXFileReference; lastKnownFileType = text.plist.xml; path = Info.plist; sourceTree = "<group>"; };
		FA8F9056237BE0BA00E37111 /* MyParticle.sks */ = {isa = PBXFileReference; lastKnownFileType = file.sks; path = MyParticle.sks; sourceTree = "<group>"; };
/* End PBXFileReference section */

/* Begin PBXFrameworksBuildPhase section */
		FA895111235455A3005CE549 /* Frameworks */ = {
			isa = PBXFrameworksBuildPhase;
			buildActionMask = 2147483647;
			files = (
			);
			runOnlyForDeploymentPostprocessing = 0;
		};
/* End PBXFrameworksBuildPhase section */

/* Begin PBXGroup section */
		FA320F41238563B30004F105 /* Model */ = {
			isa = PBXGroup;
			children = (
				FA320F3C23840F460004F105 /* ScoreModel.xcdatamodeld */,
			);
			path = Model;
			sourceTree = "<group>";
		};
		FA320F42238563C00004F105 /* View */ = {
			isa = PBXGroup;
			children = (
				FA89511D235455A3005CE549 /* Main.storyboard */,
			);
			path = View;
			sourceTree = "<group>";
		};
		FA320F43238563C60004F105 /* Controller */ = {
			isa = PBXGroup;
			children = (
				FA320F3A2383C7C60004F105 /* MainViewController.swift */,
				FA89511B235455A3005CE549 /* ViewController.swift */,
				FA895117235455A3005CE549 /* AppDelegate.swift */,
				FA320F3F2385431D0004F105 /* PlayerScore.swift */,
			);
			path = Controller;
			sourceTree = "<group>";
		};
		FA89510B235455A3005CE549 = {
			isa = PBXGroup;
			children = (
				FA895116235455A3005CE549 /* ARDicee */,
				FA895115235455A3005CE549 /* Products */,
			);
			sourceTree = "<group>";
		};
		FA895115235455A3005CE549 /* Products */ = {
			isa = PBXGroup;
			children = (
				FA895114235455A3005CE549 /* ARDicee.app */,
			);
			name = Products;
			sourceTree = "<group>";
		};
		FA895116235455A3005CE549 /* ARDicee */ = {
			isa = PBXGroup;
			children = (
				FA320F43238563C60004F105 /* Controller */,
				FA320F42238563C00004F105 /* View */,
				FA320F41238563B30004F105 /* Model */,
				FA895119235455A3005CE549 /* art.scnassets */,
				FA895120235455A4005CE549 /* Assets.xcassets */,
				FA895122235455A4005CE549 /* LaunchScreen.storyboard */,
				FA895125235455A4005CE549 /* Info.plist */,
				FA8F9056237BE0BA00E37111 /* MyParticle.sks */,
			);
			path = ARDicee;
			sourceTree = "<group>";
		};
/* End PBXGroup section */

/* Begin PBXNativeTarget section */
		FA895113235455A3005CE549 /* ARDicee */ = {
			isa = PBXNativeTarget;
			buildConfigurationList = FA895128235455A4005CE549 /* Build configuration list for PBXNativeTarget "ARDicee" */;
			buildPhases = (
				FA895110235455A3005CE549 /* Sources */,
				FA895111235455A3005CE549 /* Frameworks */,
				FA895112235455A3005CE549 /* Resources */,
			);
			buildRules = (
			);
			dependencies = (
			);
			name = ARDicee;
			productName = ARDicee;
			productReference = FA895114235455A3005CE549 /* ARDicee.app */;
			productType = "com.apple.product-type.application";
		};
/* End PBXNativeTarget section */

/* Begin PBXProject section */
		FA89510C235455A3005CE549 /* Project object */ = {
			isa = PBXProject;
			attributes = {
				LastSwiftUpdateCheck = 1110;
				LastUpgradeCheck = 1110;
				ORGANIZATIONNAME = "Pauli Sairanen";
				TargetAttributes = {
					FA895113235455A3005CE549 = {
						CreatedOnToolsVersion = 11.1;
					};
				};
			};
			buildConfigurationList = FA89510F235455A3005CE549 /* Build configuration list for PBXProject "ARDicee" */;
			compatibilityVersion = "Xcode 9.3";
			developmentRegion = en;
			hasScannedForEncodings = 0;
			knownRegions = (
				en,
				Base,
			);
			mainGroup = FA89510B235455A3005CE549;
			productRefGroup = FA895115235455A3005CE549 /* Products */;
			projectDirPath = "";
			projectRoot = "";
			targets = (
				FA895113235455A3005CE549 /* ARDicee */,
			);
		};
/* End PBXProject section */

/* Begin PBXResourcesBuildPhase section */
		FA895112235455A3005CE549 /* Resources */ = {
			isa = PBXResourcesBuildPhase;
			buildActionMask = 2147483647;
			files = (
				FA89511A235455A3005CE549 /* art.scnassets in Resources */,
				FA895124235455A4005CE549 /* LaunchScreen.storyboard in Resources */,
				FA895121235455A4005CE549 /* Assets.xcassets in Resources */,
				FA89511F235455A3005CE549 /* Main.storyboard in Resources */,
				FA8F9057237BE0BA00E37111 /* MyParticle.sks in Resources */,
			);
			runOnlyForDeploymentPostprocessing = 0;
		};
/* End PBXResourcesBuildPhase section */

/* Begin PBXSourcesBuildPhase section */
		FA895110235455A3005CE549 /* Sources */ = {
			isa = PBXSourcesBuildPhase;
			buildActionMask = 2147483647;
			files = (
				FA320F3E23840F460004F105 /* ScoreModel.xcdatamodeld in Sources */,
				FA320F3B2383C7C60004F105 /* MainViewController.swift in Sources */,
				FA89511C235455A3005CE549 /* ViewController.swift in Sources */,
				FA895118235455A3005CE549 /* AppDelegate.swift in Sources */,
				FA320F402385431D0004F105 /* PlayerScore.swift in Sources */,
			);
			runOnlyForDeploymentPostprocessing = 0;
		};
/* End PBXSourcesBuildPhase section */

/* Begin PBXVariantGroup section */
		FA89511D235455A3005CE549 /* Main.storyboard */ = {
			isa = PBXVariantGroup;
			children = (
				FA89511E235455A3005CE549 /* Base */,
			);
			name = Main.storyboard;
			sourceTree = "<group>";
		};
		FA895122235455A4005CE549 /* LaunchScreen.storyboard */ = {
			isa = PBXVariantGroup;
			children = (
				FA895123235455A4005CE549 /* Base */,
			);
			name = LaunchScreen.storyboard;
			sourceTree = "<group>";
		};
/* End PBXVariantGroup section */

/* Begin XCBuildConfiguration section */
		FA895126235455A4005CE549 /* Debug */ = {
			isa = XCBuildConfiguration;
			buildSettings = {
				ALWAYS_SEARCH_USER_PATHS = NO;
				CLANG_ANALYZER_NONNULL = YES;
				CLANG_ANALYZER_NUMBER_OBJECT_CONVERSION = YES_AGGRESSIVE;
				CLANG_CXX_LANGUAGE_STANDARD = "gnu++14";
				CLANG_CXX_LIBRARY = "libc++";
				CLANG_ENABLE_MODULES = YES;
				CLANG_ENABLE_OBJC_ARC = YES;
				CLANG_ENABLE_OBJC_WEAK = YES;
				CLANG_WARN_BLOCK_CAPTURE_AUTORELEASING = YES;
				CLANG_WARN_BOOL_CONVERSION = YES;
				CLANG_WARN_COMMA = YES;
				CLANG_WARN_CONSTANT_CONVERSION = YES;
				CLANG_WARN_DEPRECATED_OBJC_IMPLEMENTATIONS = YES;
				CLANG_WARN_DIRECT_OBJC_ISA_USAGE = YES_ERROR;
				CLANG_WARN_DOCUMENTATION_COMMENTS = YES;
				CLANG_WARN_EMPTY_BODY = YES;
				CLANG_WARN_ENUM_CONVERSION = YES;
				CLANG_WARN_INFINITE_RECURSION = YES;
				CLANG_WARN_INT_CONVERSION = YES;
				CLANG_WARN_NON_LITERAL_NULL_CONVERSION = YES;
				CLANG_WARN_OBJC_IMPLICIT_RETAIN_SELF = YES;
				CLANG_WARN_OBJC_LITERAL_CONVERSION = YES;
				CLANG_WARN_OBJC_ROOT_CLASS = YES_ERROR;
				CLANG_WARN_RANGE_LOOP_ANALYSIS = YES;
				CLANG_WARN_STRICT_PROTOTYPES = YES;
				CLANG_WARN_SUSPICIOUS_MOVE = YES;
				CLANG_WARN_UNGUARDED_AVAILABILITY = YES_AGGRESSIVE;
				CLANG_WARN_UNREACHABLE_CODE = YES;
				CLANG_WARN__DUPLICATE_METHOD_MATCH = YES;
				COPY_PHASE_STRIP = NO;
				DEBUG_INFORMATION_FORMAT = dwarf;
				ENABLE_STRICT_OBJC_MSGSEND = YES;
				ENABLE_TESTABILITY = YES;
				GCC_C_LANGUAGE_STANDARD = gnu11;
				GCC_DYNAMIC_NO_PIC = NO;
				GCC_NO_COMMON_BLOCKS = YES;
				GCC_OPTIMIZATION_LEVEL = 0;
				GCC_PREPROCESSOR_DEFINITIONS = (
					"DEBUG=1",
					"$(inherited)",
				);
				GCC_WARN_64_TO_32_BIT_CONVERSION = YES;
				GCC_WARN_ABOUT_RETURN_TYPE = YES_ERROR;
				GCC_WARN_UNDECLARED_SELECTOR = YES;
				GCC_WARN_UNINITIALIZED_AUTOS = YES_AGGRESSIVE;
				GCC_WARN_UNUSED_FUNCTION = YES;
				GCC_WARN_UNUSED_VARIABLE = YES;
				IPHONEOS_DEPLOYMENT_TARGET = 13.1;
				MTL_ENABLE_DEBUG_INFO = INCLUDE_SOURCE;
				MTL_FAST_MATH = YES;
				ONLY_ACTIVE_ARCH = YES;
				SDKROOT = iphoneos;
				SWIFT_ACTIVE_COMPILATION_CONDITIONS = DEBUG;
				SWIFT_OPTIMIZATION_LEVEL = "-Onone";
			};
			name = Debug;
		};
		FA895127235455A4005CE549 /* Release */ = {
			isa = XCBuildConfiguration;
			buildSettings = {
				ALWAYS_SEARCH_USER_PATHS = NO;
				CLANG_ANALYZER_NONNULL = YES;
				CLANG_ANALYZER_NUMBER_OBJECT_CONVERSION = YES_AGGRESSIVE;
				CLANG_CXX_LANGUAGE_STANDARD = "gnu++14";
				CLANG_CXX_LIBRARY = "libc++";
				CLANG_ENABLE_MODULES = YES;
				CLANG_ENABLE_OBJC_ARC = YES;
				CLANG_ENABLE_OBJC_WEAK = YES;
				CLANG_WARN_BLOCK_CAPTURE_AUTORELEASING = YES;
				CLANG_WARN_BOOL_CONVERSION = YES;
				CLANG_WARN_COMMA = YES;
				CLANG_WARN_CONSTANT_CONVERSION = YES;
				CLANG_WARN_DEPRECATED_OBJC_IMPLEMENTATIONS = YES;
				CLANG_WARN_DIRECT_OBJC_ISA_USAGE = YES_ERROR;
				CLANG_WARN_DOCUMENTATION_COMMENTS = YES;
				CLANG_WARN_EMPTY_BODY = YES;
				CLANG_WARN_ENUM_CONVERSION = YES;
				CLANG_WARN_INFINITE_RECURSION = YES;
				CLANG_WARN_INT_CONVERSION = YES;
				CLANG_WARN_NON_LITERAL_NULL_CONVERSION = YES;
				CLANG_WARN_OBJC_IMPLICIT_RETAIN_SELF = YES;
				CLANG_WARN_OBJC_LITERAL_CONVERSION = YES;
				CLANG_WARN_OBJC_ROOT_CLASS = YES_ERROR;
				CLANG_WARN_RANGE_LOOP_ANALYSIS = YES;
				CLANG_WARN_STRICT_PROTOTYPES = YES;
				CLANG_WARN_SUSPICIOUS_MOVE = YES;
				CLANG_WARN_UNGUARDED_AVAILABILITY = YES_AGGRESSIVE;
				CLANG_WARN_UNREACHABLE_CODE = YES;
				CLANG_WARN__DUPLICATE_METHOD_MATCH = YES;
				COPY_PHASE_STRIP = NO;
				DEBUG_INFORMATION_FORMAT = "dwarf-with-dsym";
				ENABLE_NS_ASSERTIONS = NO;
				ENABLE_STRICT_OBJC_MSGSEND = YES;
				GCC_C_LANGUAGE_STANDARD = gnu11;
				GCC_NO_COMMON_BLOCKS = YES;
				GCC_WARN_64_TO_32_BIT_CONVERSION = YES;
				GCC_WARN_ABOUT_RETURN_TYPE = YES_ERROR;
				GCC_WARN_UNDECLARED_SELECTOR = YES;
				GCC_WARN_UNINITIALIZED_AUTOS = YES_AGGRESSIVE;
				GCC_WARN_UNUSED_FUNCTION = YES;
				GCC_WARN_UNUSED_VARIABLE = YES;
				IPHONEOS_DEPLOYMENT_TARGET = 13.1;
				MTL_ENABLE_DEBUG_INFO = NO;
				MTL_FAST_MATH = YES;
				SDKROOT = iphoneos;
				SWIFT_COMPILATION_MODE = wholemodule;
				SWIFT_OPTIMIZATION_LEVEL = "-O";
				VALIDATE_PRODUCT = YES;
			};
			name = Release;
		};
		FA895129235455A4005CE549 /* Debug */ = {
			isa = XCBuildConfiguration;
			buildSettings = {
				ASSETCATALOG_COMPILER_APPICON_NAME = AppIcon;
				CODE_SIGN_STYLE = Automatic;
				DEVELOPMENT_TEAM = FK2VR4UNT8;
				INFOPLIST_FILE = ARDicee/Info.plist;
				LD_RUNPATH_SEARCH_PATHS = (
					"$(inherited)",
					"@executable_path/Frameworks",
				);
				PRODUCT_BUNDLE_IDENTIFIER = com.PauliSairanen.ARDicee;
				PRODUCT_NAME = ARDicee;
				SWIFT_VERSION = 5.0;
				TARGETED_DEVICE_FAMILY = 1;
			};
			name = Debug;
		};
		FA89512A235455A4005CE549 /* Release */ = {
			isa = XCBuildConfiguration;
			buildSettings = {
				ASSETCATALOG_COMPILER_APPICON_NAME = AppIcon;
				CODE_SIGN_STYLE = Automatic;
				DEVELOPMENT_TEAM = FK2VR4UNT8;
				INFOPLIST_FILE = ARDicee/Info.plist;
				LD_RUNPATH_SEARCH_PATHS = (
					"$(inherited)",
					"@executable_path/Frameworks",
				);
				PRODUCT_BUNDLE_IDENTIFIER = com.PauliSairanen.ARDicee;
				PRODUCT_NAME = ARDicee;
				SWIFT_VERSION = 5.0;
				TARGETED_DEVICE_FAMILY = 1;
			};
			name = Release;
		};
/* End XCBuildConfiguration section */

/* Begin XCConfigurationList section */
		FA89510F235455A3005CE549 /* Build configuration list for PBXProject "ARDicee" */ = {
			isa = XCConfigurationList;
			buildConfigurations = (
				FA895126235455A4005CE549 /* Debug */,
				FA895127235455A4005CE549 /* Release */,
			);
			defaultConfigurationIsVisible = 0;
			defaultConfigurationName = Release;
		};
		FA895128235455A4005CE549 /* Build configuration list for PBXNativeTarget "ARDicee" */ = {
			isa = XCConfigurationList;
			buildConfigurations = (
				FA895129235455A4005CE549 /* Debug */,
				FA89512A235455A4005CE549 /* Release */,
			);
			defaultConfigurationIsVisible = 0;
			defaultConfigurationName = Release;
		};
/* End XCConfigurationList section */

/* Begin XCVersionGroup section */
		FA320F3C23840F460004F105 /* ScoreModel.xcdatamodeld */ = {
			isa = XCVersionGroup;
			children = (
				FA320F3D23840F460004F105 /* ScoreModel.xcdatamodel */,
			);
			currentVersion = FA320F3D23840F460004F105 /* ScoreModel.xcdatamodel */;
			path = ScoreModel.xcdatamodeld;
			sourceTree = "<group>";
			versionGroupType = wrapper.xcdatamodel;
		};
/* End XCVersionGroup section */
	};
	rootObject = FA89510C235455A3005CE549 /* Project object */;
}
